
Microsoft Visual Studio Solution File, Format Version 12.00
# Visual Studio Version 17
VisualStudioVersion = 17.13.35818.85 d17.13
MinimumVisualStudioVersion = 10.0.40219.1
Project("{FAE04EC0-301F-11D3-BF4B-00C04F79EFBC}") = "Circle_Eclipse", "Circle_Eclipse.csproj", "{286305BF-F2E9-4303-97BA-8BD371540B38}"
EndProject
Global
	GlobalSection(SolutionConfigurationPlatforms) = preSolution
		Debug|Any CPU = Debug|Any CPU
		Release|Any CPU = Release|Any CPU
	EndGlobalSection
	GlobalSection(ProjectConfigurationPlatforms) = postSolution
		{286305BF-F2E9-4303-97BA-8BD371540B38}.Debug|Any CPU.ActiveCfg = Debug|Any CPU
		{286305BF-F2E9-4303-97BA-8BD371540B38}.Debug|Any CPU.Build.0 = Debug|Any CPU
		{286305BF-F2E9-4303-97BA-8BD371540B38}.Release|Any CPU.ActiveCfg = Release|Any CPU
		{286305BF-F2E9-4303-97BA-8BD371540B38}.Release|Any CPU.Build.0 = Release|Any CPU
	EndGlobalSection
	GlobalSection(SolutionProperties) = preSolution
		HideSolutionNode = FALSE
	EndGlobalSection
	GlobalSection(ExtensibilityGlobals) = postSolution
		SolutionGuid = {B32AF841-11A6-4C07-82C2-91E34D6ACAE2}
	EndGlobalSection
EndGlobal
